// !$*UTF8*$!
{
	archiveVersion = 1;
	classes = {
	};
	objectVersion = 56;
	objects = {

/* Begin PBXBuildFile section */
		1B56391C2899F1B60027DDA4 /* CardAnimations.swift in Sources */ = {isa = PBXBuildFile; fileRef = 1B56391B2899F1B60027DDA4 /* CardAnimations.swift */; };
		1B60C61E2884D0DC00FDDF1E /* Top_TrainerApp.swift in Sources */ = {isa = PBXBuildFile; fileRef = 1B60C61D2884D0DC00FDDF1E /* Top_TrainerApp.swift */; };
		1B60C6202884D0DC00FDDF1E /* ContentView.swift in Sources */ = {isa = PBXBuildFile; fileRef = 1B60C61F2884D0DC00FDDF1E /* ContentView.swift */; };
		1B60C6222884D0DD00FDDF1E /* Assets.xcassets in Resources */ = {isa = PBXBuildFile; fileRef = 1B60C6212884D0DD00FDDF1E /* Assets.xcassets */; };
		1B60C6252884D0DD00FDDF1E /* Preview Assets.xcassets in Resources */ = {isa = PBXBuildFile; fileRef = 1B60C6242884D0DD00FDDF1E /* Preview Assets.xcassets */; };
		1B60C62F2884D0DE00FDDF1E /* Top_TrainerTests.swift in Sources */ = {isa = PBXBuildFile; fileRef = 1B60C62E2884D0DE00FDDF1E /* Top_TrainerTests.swift */; };
		1B60C6392884D0DE00FDDF1E /* Top_TrainerUITests.swift in Sources */ = {isa = PBXBuildFile; fileRef = 1B60C6382884D0DE00FDDF1E /* Top_TrainerUITests.swift */; };
		1B60C63B2884D0DE00FDDF1E /* Top_TrainerUITestsLaunchTests.swift in Sources */ = {isa = PBXBuildFile; fileRef = 1B60C63A2884D0DE00FDDF1E /* Top_TrainerUITestsLaunchTests.swift */; };
		1B60C64D2884D8BA00FDDF1E /* Gradients.swift in Sources */ = {isa = PBXBuildFile; fileRef = 1B60C64C2884D8BA00FDDF1E /* Gradients.swift */; };
		1B60C6502884DA9200FDDF1E /* constants.swift in Sources */ = {isa = PBXBuildFile; fileRef = 1B60C64F2884DA9200FDDF1E /* constants.swift */; };
		1B60C6552884E69900FDDF1E /* OnboardingA.swift in Sources */ = {isa = PBXBuildFile; fileRef = 1B60C6542884E69900FDDF1E /* OnboardingA.swift */; };
		1B60C6572884EF1500FDDF1E /* OnboardingB.swift in Sources */ = {isa = PBXBuildFile; fileRef = 1B60C6562884EF1500FDDF1E /* OnboardingB.swift */; };
		1B60C65D2884F41400FDDF1E /* GetStartedOnboarding.swift in Sources */ = {isa = PBXBuildFile; fileRef = 1B60C65C2884F41400FDDF1E /* GetStartedOnboarding.swift */; };
		1B60C65F28864E7A00FDDF1E /* OnboardingView.swift in Sources */ = {isa = PBXBuildFile; fileRef = 1B60C65E28864E7A00FDDF1E /* OnboardingView.swift */; };
		1B60C6622886510300FDDF1E /* LoginView.swift in Sources */ = {isa = PBXBuildFile; fileRef = 1B60C6612886510300FDDF1E /* LoginView.swift */; };
		1B60C665288651B400FDDF1E /* ButtonCapsule.swift in Sources */ = {isa = PBXBuildFile; fileRef = 1B60C664288651B400FDDF1E /* ButtonCapsule.swift */; };
		1B64A8032892CB5900A8638D /* ImagePicker.swift in Sources */ = {isa = PBXBuildFile; fileRef = 1B64A8022892CB5900A8638D /* ImagePicker.swift */; };
		1B64A8072894C39A00A8638D /* InterestPickerView.swift in Sources */ = {isa = PBXBuildFile; fileRef = 1B64A8062894C39A00A8638D /* InterestPickerView.swift */; };
		1B64A8092894C9F900A8638D /* Interest.swift in Sources */ = {isa = PBXBuildFile; fileRef = 1B64A8082894C9F900A8638D /* Interest.swift */; };
		1B7215FB289D6DD900F62653 /* FitnessLevelPickerView.swift in Sources */ = {isa = PBXBuildFile; fileRef = 1B7215FA289D6DD900F62653 /* FitnessLevelPickerView.swift */; };
		1B9F5D8F288F1B4E00BA88B7 /* CreateInitialProfileView.swift in Sources */ = {isa = PBXBuildFile; fileRef = 1B9F5D8E288F1B4E00BA88B7 /* CreateInitialProfileView.swift */; };
		1B9F5D91288F4B7900BA88B7 /* GenderSelectionView.swift in Sources */ = {isa = PBXBuildFile; fileRef = 1B9F5D90288F4B7900BA88B7 /* GenderSelectionView.swift */; };
		1B9F5D93288F882A00BA88B7 /* GenderCardView.swift in Sources */ = {isa = PBXBuildFile; fileRef = 1B9F5D92288F882A00BA88B7 /* GenderCardView.swift */; };
		1B9F5D95288F9FEB00BA88B7 /* AgePickerView.swift in Sources */ = {isa = PBXBuildFile; fileRef = 1B9F5D94288F9FEB00BA88B7 /* AgePickerView.swift */; };
		1B9F5D97288FA53800BA88B7 /* HeightPickerView.swift in Sources */ = {isa = PBXBuildFile; fileRef = 1B9F5D96288FA53800BA88B7 /* HeightPickerView.swift */; };
		1B9F5D99288FA61700BA88B7 /* WeightPickerView.swift in Sources */ = {isa = PBXBuildFile; fileRef = 1B9F5D98288FA61700BA88B7 /* WeightPickerView.swift */; };
		1B9F5D9B289038B200BA88B7 /* GoalPickerView.swift in Sources */ = {isa = PBXBuildFile; fileRef = 1B9F5D9A289038B100BA88B7 /* GoalPickerView.swift */; };
		1BB55DAB288D954B00FD4F2E /* ForgotPasswordView.swift in Sources */ = {isa = PBXBuildFile; fileRef = 1BB55DAA288D954B00FD4F2E /* ForgotPasswordView.swift */; };
		1BCA339B288CD64E00F54A07 /* CapsuleTextFieldModifier.swift in Sources */ = {isa = PBXBuildFile; fileRef = 1BCA339A288CD64E00F54A07 /* CapsuleTextFieldModifier.swift */; };
		1BCA339F288D012400F54A07 /* PlaceholderModifier.swift in Sources */ = {isa = PBXBuildFile; fileRef = 1BCA339E288D012400F54A07 /* PlaceholderModifier.swift */; };
		1BCAA3662890E9C80051C64E /* NamePickerView.swift in Sources */ = {isa = PBXBuildFile; fileRef = 1BCAA3652890E9C80051C64E /* NamePickerView.swift */; };
		1BCAA3682890EB9B0051C64E /* AvatarPickerView.swift in Sources */ = {isa = PBXBuildFile; fileRef = 1BCAA3672890EB9B0051C64E /* AvatarPickerView.swift */; };
/* End PBXBuildFile section */

/* Begin PBXContainerItemProxy section */
		1B60C62B2884D0DE00FDDF1E /* PBXContainerItemProxy */ = {
			isa = PBXContainerItemProxy;
			containerPortal = 1B60C6122884D0DB00FDDF1E /* Project object */;
			proxyType = 1;
			remoteGlobalIDString = 1B60C6192884D0DB00FDDF1E;
			remoteInfo = "Top Trainer";
		};
		1B60C6352884D0DE00FDDF1E /* PBXContainerItemProxy */ = {
			isa = PBXContainerItemProxy;
			containerPortal = 1B60C6122884D0DB00FDDF1E /* Project object */;
			proxyType = 1;
			remoteGlobalIDString = 1B60C6192884D0DB00FDDF1E;
			remoteInfo = "Top Trainer";
		};
/* End PBXContainerItemProxy section */

/* Begin PBXFileReference section */
		1B56391B2899F1B60027DDA4 /* CardAnimations.swift */ = {isa = PBXFileReference; lastKnownFileType = sourcecode.swift; path = CardAnimations.swift; sourceTree = "<group>"; };
		1B60C61A2884D0DC00FDDF1E /* Top Trainer.app */ = {isa = PBXFileReference; explicitFileType = wrapper.application; includeInIndex = 0; path = "Top Trainer.app"; sourceTree = BUILT_PRODUCTS_DIR; };
		1B60C61D2884D0DC00FDDF1E /* Top_TrainerApp.swift */ = {isa = PBXFileReference; lastKnownFileType = sourcecode.swift; path = Top_TrainerApp.swift; sourceTree = "<group>"; };
		1B60C61F2884D0DC00FDDF1E /* ContentView.swift */ = {isa = PBXFileReference; lastKnownFileType = sourcecode.swift; path = ContentView.swift; sourceTree = "<group>"; };
		1B60C6212884D0DD00FDDF1E /* Assets.xcassets */ = {isa = PBXFileReference; lastKnownFileType = folder.assetcatalog; path = Assets.xcassets; sourceTree = "<group>"; };
		1B60C6242884D0DD00FDDF1E /* Preview Assets.xcassets */ = {isa = PBXFileReference; lastKnownFileType = folder.assetcatalog; path = "Preview Assets.xcassets"; sourceTree = "<group>"; };
		1B60C62A2884D0DE00FDDF1E /* Top TrainerTests.xctest */ = {isa = PBXFileReference; explicitFileType = wrapper.cfbundle; includeInIndex = 0; path = "Top TrainerTests.xctest"; sourceTree = BUILT_PRODUCTS_DIR; };
		1B60C62E2884D0DE00FDDF1E /* Top_TrainerTests.swift */ = {isa = PBXFileReference; lastKnownFileType = sourcecode.swift; path = Top_TrainerTests.swift; sourceTree = "<group>"; };
		1B60C6342884D0DE00FDDF1E /* Top TrainerUITests.xctest */ = {isa = PBXFileReference; explicitFileType = wrapper.cfbundle; includeInIndex = 0; path = "Top TrainerUITests.xctest"; sourceTree = BUILT_PRODUCTS_DIR; };
		1B60C6382884D0DE00FDDF1E /* Top_TrainerUITests.swift */ = {isa = PBXFileReference; lastKnownFileType = sourcecode.swift; path = Top_TrainerUITests.swift; sourceTree = "<group>"; };
		1B60C63A2884D0DE00FDDF1E /* Top_TrainerUITestsLaunchTests.swift */ = {isa = PBXFileReference; lastKnownFileType = sourcecode.swift; path = Top_TrainerUITestsLaunchTests.swift; sourceTree = "<group>"; };
		1B60C64C2884D8BA00FDDF1E /* Gradients.swift */ = {isa = PBXFileReference; lastKnownFileType = sourcecode.swift; path = Gradients.swift; sourceTree = "<group>"; };
		1B60C64F2884DA9200FDDF1E /* constants.swift */ = {isa = PBXFileReference; lastKnownFileType = sourcecode.swift; path = constants.swift; sourceTree = "<group>"; };
		1B60C6542884E69900FDDF1E /* OnboardingA.swift */ = {isa = PBXFileReference; lastKnownFileType = sourcecode.swift; path = OnboardingA.swift; sourceTree = "<group>"; };
		1B60C6562884EF1500FDDF1E /* OnboardingB.swift */ = {isa = PBXFileReference; lastKnownFileType = sourcecode.swift; path = OnboardingB.swift; sourceTree = "<group>"; };
		1B60C65C2884F41400FDDF1E /* GetStartedOnboarding.swift */ = {isa = PBXFileReference; lastKnownFileType = sourcecode.swift; path = GetStartedOnboarding.swift; sourceTree = "<group>"; };
		1B60C65E28864E7A00FDDF1E /* OnboardingView.swift */ = {isa = PBXFileReference; lastKnownFileType = sourcecode.swift; path = OnboardingView.swift; sourceTree = "<group>"; };
		1B60C6612886510300FDDF1E /* LoginView.swift */ = {isa = PBXFileReference; lastKnownFileType = sourcecode.swift; path = LoginView.swift; sourceTree = "<group>"; };
		1B60C664288651B400FDDF1E /* ButtonCapsule.swift */ = {isa = PBXFileReference; lastKnownFileType = sourcecode.swift; path = ButtonCapsule.swift; sourceTree = "<group>"; };
		1B64A8022892CB5900A8638D /* ImagePicker.swift */ = {isa = PBXFileReference; lastKnownFileType = sourcecode.swift; path = ImagePicker.swift; sourceTree = "<group>"; };
		1B64A8062894C39A00A8638D /* InterestPickerView.swift */ = {isa = PBXFileReference; lastKnownFileType = sourcecode.swift; path = InterestPickerView.swift; sourceTree = "<group>"; };
		1B64A8082894C9F900A8638D /* Interest.swift */ = {isa = PBXFileReference; lastKnownFileType = sourcecode.swift; path = Interest.swift; sourceTree = "<group>"; };
		1B7215FA289D6DD900F62653 /* FitnessLevelPickerView.swift */ = {isa = PBXFileReference; fileEncoding = 4; lastKnownFileType = sourcecode.swift; path = FitnessLevelPickerView.swift; sourceTree = "<group>"; };
		1B9F5D8E288F1B4E00BA88B7 /* CreateInitialProfileView.swift */ = {isa = PBXFileReference; lastKnownFileType = sourcecode.swift; path = CreateInitialProfileView.swift; sourceTree = "<group>"; };
		1B9F5D90288F4B7900BA88B7 /* GenderSelectionView.swift */ = {isa = PBXFileReference; lastKnownFileType = sourcecode.swift; path = GenderSelectionView.swift; sourceTree = "<group>"; };
		1B9F5D92288F882A00BA88B7 /* GenderCardView.swift */ = {isa = PBXFileReference; lastKnownFileType = sourcecode.swift; path = GenderCardView.swift; sourceTree = "<group>"; };
		1B9F5D94288F9FEB00BA88B7 /* AgePickerView.swift */ = {isa = PBXFileReference; lastKnownFileType = sourcecode.swift; path = AgePickerView.swift; sourceTree = "<group>"; };
		1B9F5D96288FA53800BA88B7 /* HeightPickerView.swift */ = {isa = PBXFileReference; lastKnownFileType = sourcecode.swift; path = HeightPickerView.swift; sourceTree = "<group>"; };
		1B9F5D98288FA61700BA88B7 /* WeightPickerView.swift */ = {isa = PBXFileReference; lastKnownFileType = sourcecode.swift; path = WeightPickerView.swift; sourceTree = "<group>"; };
		1B9F5D9A289038B100BA88B7 /* GoalPickerView.swift */ = {isa = PBXFileReference; lastKnownFileType = sourcecode.swift; path = GoalPickerView.swift; sourceTree = "<group>"; };
		1BB55DAA288D954B00FD4F2E /* ForgotPasswordView.swift */ = {isa = PBXFileReference; lastKnownFileType = sourcecode.swift; path = ForgotPasswordView.swift; sourceTree = "<group>"; };
		1BCA339A288CD64E00F54A07 /* CapsuleTextFieldModifier.swift */ = {isa = PBXFileReference; lastKnownFileType = sourcecode.swift; path = CapsuleTextFieldModifier.swift; sourceTree = "<group>"; };
		1BCA339E288D012400F54A07 /* PlaceholderModifier.swift */ = {isa = PBXFileReference; lastKnownFileType = sourcecode.swift; path = PlaceholderModifier.swift; sourceTree = "<group>"; };
		1BCAA3652890E9C80051C64E /* NamePickerView.swift */ = {isa = PBXFileReference; lastKnownFileType = sourcecode.swift; path = NamePickerView.swift; sourceTree = "<group>"; };
		1BCAA3672890EB9B0051C64E /* AvatarPickerView.swift */ = {isa = PBXFileReference; lastKnownFileType = sourcecode.swift; path = AvatarPickerView.swift; sourceTree = "<group>"; };
/* End PBXFileReference section */

/* Begin PBXFrameworksBuildPhase section */
		1B60C6172884D0DB00FDDF1E /* Frameworks */ = {
			isa = PBXFrameworksBuildPhase;
			buildActionMask = 2147483647;
			files = (
			);
			runOnlyForDeploymentPostprocessing = 0;
		};
		1B60C6272884D0DE00FDDF1E /* Frameworks */ = {
			isa = PBXFrameworksBuildPhase;
			buildActionMask = 2147483647;
			files = (
			);
			runOnlyForDeploymentPostprocessing = 0;
		};
		1B60C6312884D0DE00FDDF1E /* Frameworks */ = {
			isa = PBXFrameworksBuildPhase;
			buildActionMask = 2147483647;
			files = (
			);
			runOnlyForDeploymentPostprocessing = 0;
		};
/* End PBXFrameworksBuildPhase section */

/* Begin PBXGroup section */
		1B56391A2899F1A30027DDA4 /* Animations */ = {
			isa = PBXGroup;
			children = (
				1B56391B2899F1B60027DDA4 /* CardAnimations.swift */,
			);
			path = Animations;
			sourceTree = "<group>";
		};
		1B60C6112884D0DB00FDDF1E = {
			isa = PBXGroup;
			children = (
				1B60C61C2884D0DC00FDDF1E /* Top Trainer */,
				1B60C62D2884D0DE00FDDF1E /* Top TrainerTests */,
				1B60C6372884D0DE00FDDF1E /* Top TrainerUITests */,
				1B60C61B2884D0DC00FDDF1E /* Products */,
			);
			sourceTree = "<group>";
		};
		1B60C61B2884D0DC00FDDF1E /* Products */ = {
			isa = PBXGroup;
			children = (
				1B60C61A2884D0DC00FDDF1E /* Top Trainer.app */,
				1B60C62A2884D0DE00FDDF1E /* Top TrainerTests.xctest */,
				1B60C6342884D0DE00FDDF1E /* Top TrainerUITests.xctest */,
			);
			name = Products;
			sourceTree = "<group>";
		};
		1B60C61C2884D0DC00FDDF1E /* Top Trainer */ = {
			isa = PBXGroup;
			children = (
				1B60C6522884DDD000FDDF1E /* Core */,
				1B60C6492884D86A00FDDF1E /* Models */,
				1B60C6482884D86300FDDF1E /* ViewModels */,
				1B60C6472884D85A00FDDF1E /* Views */,
				1B60C61D2884D0DC00FDDF1E /* Top_TrainerApp.swift */,
				1B60C61F2884D0DC00FDDF1E /* ContentView.swift */,
				1B60C6212884D0DD00FDDF1E /* Assets.xcassets */,
				1B60C6232884D0DD00FDDF1E /* Preview Content */,
			);
			path = "Top Trainer";
			sourceTree = "<group>";
		};
		1B60C6232884D0DD00FDDF1E /* Preview Content */ = {
			isa = PBXGroup;
			children = (
				1B60C6242884D0DD00FDDF1E /* Preview Assets.xcassets */,
			);
			path = "Preview Content";
			sourceTree = "<group>";
		};
		1B60C62D2884D0DE00FDDF1E /* Top TrainerTests */ = {
			isa = PBXGroup;
			children = (
				1B60C62E2884D0DE00FDDF1E /* Top_TrainerTests.swift */,
			);
			path = "Top TrainerTests";
			sourceTree = "<group>";
		};
		1B60C6372884D0DE00FDDF1E /* Top TrainerUITests */ = {
			isa = PBXGroup;
			children = (
				1B60C6382884D0DE00FDDF1E /* Top_TrainerUITests.swift */,
				1B60C63A2884D0DE00FDDF1E /* Top_TrainerUITestsLaunchTests.swift */,
			);
			path = "Top TrainerUITests";
			sourceTree = "<group>";
		};
		1B60C6472884D85A00FDDF1E /* Views */ = {
			isa = PBXGroup;
			children = (
				1B60C6512884DDBF00FDDF1E /* Features */,
			);
			path = Views;
			sourceTree = "<group>";
		};
		1B60C6482884D86300FDDF1E /* ViewModels */ = {
			isa = PBXGroup;
			children = (
			);
			path = ViewModels;
			sourceTree = "<group>";
		};
		1B60C6492884D86A00FDDF1E /* Models */ = {
			isa = PBXGroup;
			children = (
				1B64A8082894C9F900A8638D /* Interest.swift */,
			);
			path = Models;
			sourceTree = "<group>";
		};
		1B60C64A2884D87200FDDF1E /* Styles */ = {
			isa = PBXGroup;
			children = (
				1B56391A2899F1A30027DDA4 /* Animations */,
				1B60C64B2884D89D00FDDF1E /* Modifiers */,
			);
			path = Styles;
			sourceTree = "<group>";
		};
		1B60C64B2884D89D00FDDF1E /* Modifiers */ = {
			isa = PBXGroup;
			children = (
				1B60C64C2884D8BA00FDDF1E /* Gradients.swift */,
				1BCA339A288CD64E00F54A07 /* CapsuleTextFieldModifier.swift */,
				1BCA339E288D012400F54A07 /* PlaceholderModifier.swift */,
			);
			path = Modifiers;
			sourceTree = "<group>";
		};
		1B60C64E2884DA8500FDDF1E /* Constants */ = {
			isa = PBXGroup;
			children = (
				1B60C64F2884DA9200FDDF1E /* constants.swift */,
			);
			path = Constants;
			sourceTree = "<group>";
		};
		1B60C6512884DDBF00FDDF1E /* Features */ = {
			isa = PBXGroup;
			children = (
				1B9F5D8D288F1B2B00BA88B7 /* CreateInitialProfile */,
				1B60C660288650EE00FDDF1E /* Login */,
				1B60C6532884DDEA00FDDF1E /* Onboarding */,
			);
			path = Features;
			sourceTree = "<group>";
		};
		1B60C6522884DDD000FDDF1E /* Core */ = {
			isa = PBXGroup;
			children = (
				1B60C6632886519E00FDDF1E /* Components */,
				1B60C64A2884D87200FDDF1E /* Styles */,
				1B60C64E2884DA8500FDDF1E /* Constants */,
			);
			path = Core;
			sourceTree = "<group>";
		};
		1B60C6532884DDEA00FDDF1E /* Onboarding */ = {
			isa = PBXGroup;
			children = (
				1B60C6542884E69900FDDF1E /* OnboardingA.swift */,
				1B60C6562884EF1500FDDF1E /* OnboardingB.swift */,
				1B60C65C2884F41400FDDF1E /* GetStartedOnboarding.swift */,
				1B60C65E28864E7A00FDDF1E /* OnboardingView.swift */,
			);
			path = Onboarding;
			sourceTree = "<group>";
		};
		1B60C660288650EE00FDDF1E /* Login */ = {
			isa = PBXGroup;
			children = (
				1B60C6612886510300FDDF1E /* LoginView.swift */,
				1BB55DAA288D954B00FD4F2E /* ForgotPasswordView.swift */,
			);
			path = Login;
			sourceTree = "<group>";
		};
		1B60C6632886519E00FDDF1E /* Components */ = {
			isa = PBXGroup;
			children = (
				1B60C664288651B400FDDF1E /* ButtonCapsule.swift */,
				1B9F5D92288F882A00BA88B7 /* GenderCardView.swift */,
				1B64A8022892CB5900A8638D /* ImagePicker.swift */,
			);
			path = Components;
			sourceTree = "<group>";
		};
		1B9F5D8D288F1B2B00BA88B7 /* CreateInitialProfile */ = {
			isa = PBXGroup;
			children = (
				1B9F5D8E288F1B4E00BA88B7 /* CreateInitialProfileView.swift */,
				1B9F5D90288F4B7900BA88B7 /* GenderSelectionView.swift */,
				1B9F5D94288F9FEB00BA88B7 /* AgePickerView.swift */,
				1B9F5D96288FA53800BA88B7 /* HeightPickerView.swift */,
				1B7215FA289D6DD900F62653 /* FitnessLevelPickerView.swift */,
				1B9F5D98288FA61700BA88B7 /* WeightPickerView.swift */,
				1B9F5D9A289038B100BA88B7 /* GoalPickerView.swift */,
				1BCAA3652890E9C80051C64E /* NamePickerView.swift */,
				1BCAA3672890EB9B0051C64E /* AvatarPickerView.swift */,
				1B64A8062894C39A00A8638D /* InterestPickerView.swift */,
			);
			path = CreateInitialProfile;
			sourceTree = "<group>";
		};
/* End PBXGroup section */

/* Begin PBXNativeTarget section */
		1B60C6192884D0DB00FDDF1E /* Top Trainer */ = {
			isa = PBXNativeTarget;
			buildConfigurationList = 1B60C63E2884D0DE00FDDF1E /* Build configuration list for PBXNativeTarget "Top Trainer" */;
			buildPhases = (
				1B60C6162884D0DB00FDDF1E /* Sources */,
				1B60C6172884D0DB00FDDF1E /* Frameworks */,
				1B60C6182884D0DB00FDDF1E /* Resources */,
			);
			buildRules = (
			);
			dependencies = (
			);
			name = "Top Trainer";
			productName = "Top Trainer";
			productReference = 1B60C61A2884D0DC00FDDF1E /* Top Trainer.app */;
			productType = "com.apple.product-type.application";
		};
		1B60C6292884D0DE00FDDF1E /* Top TrainerTests */ = {
			isa = PBXNativeTarget;
			buildConfigurationList = 1B60C6412884D0DE00FDDF1E /* Build configuration list for PBXNativeTarget "Top TrainerTests" */;
			buildPhases = (
				1B60C6262884D0DE00FDDF1E /* Sources */,
				1B60C6272884D0DE00FDDF1E /* Frameworks */,
				1B60C6282884D0DE00FDDF1E /* Resources */,
			);
			buildRules = (
			);
			dependencies = (
				1B60C62C2884D0DE00FDDF1E /* PBXTargetDependency */,
			);
			name = "Top TrainerTests";
			productName = "Top TrainerTests";
			productReference = 1B60C62A2884D0DE00FDDF1E /* Top TrainerTests.xctest */;
			productType = "com.apple.product-type.bundle.unit-test";
		};
		1B60C6332884D0DE00FDDF1E /* Top TrainerUITests */ = {
			isa = PBXNativeTarget;
			buildConfigurationList = 1B60C6442884D0DE00FDDF1E /* Build configuration list for PBXNativeTarget "Top TrainerUITests" */;
			buildPhases = (
				1B60C6302884D0DE00FDDF1E /* Sources */,
				1B60C6312884D0DE00FDDF1E /* Frameworks */,
				1B60C6322884D0DE00FDDF1E /* Resources */,
			);
			buildRules = (
			);
			dependencies = (
				1B60C6362884D0DE00FDDF1E /* PBXTargetDependency */,
			);
			name = "Top TrainerUITests";
			productName = "Top TrainerUITests";
			productReference = 1B60C6342884D0DE00FDDF1E /* Top TrainerUITests.xctest */;
			productType = "com.apple.product-type.bundle.ui-testing";
		};
/* End PBXNativeTarget section */

/* Begin PBXProject section */
		1B60C6122884D0DB00FDDF1E /* Project object */ = {
			isa = PBXProject;
			attributes = {
				BuildIndependentTargetsInParallel = 1;
				LastSwiftUpdateCheck = 1400;
				LastUpgradeCheck = 1400;
				TargetAttributes = {
					1B60C6192884D0DB00FDDF1E = {
						CreatedOnToolsVersion = 14.0;
					};
					1B60C6292884D0DE00FDDF1E = {
						CreatedOnToolsVersion = 14.0;
						TestTargetID = 1B60C6192884D0DB00FDDF1E;
					};
					1B60C6332884D0DE00FDDF1E = {
						CreatedOnToolsVersion = 14.0;
						TestTargetID = 1B60C6192884D0DB00FDDF1E;
					};
				};
			};
			buildConfigurationList = 1B60C6152884D0DB00FDDF1E /* Build configuration list for PBXProject "Top Trainer" */;
			compatibilityVersion = "Xcode 14.0";
			developmentRegion = en;
			hasScannedForEncodings = 0;
			knownRegions = (
				en,
				Base,
			);
			mainGroup = 1B60C6112884D0DB00FDDF1E;
			productRefGroup = 1B60C61B2884D0DC00FDDF1E /* Products */;
			projectDirPath = "";
			projectRoot = "";
			targets = (
				1B60C6192884D0DB00FDDF1E /* Top Trainer */,
				1B60C6292884D0DE00FDDF1E /* Top TrainerTests */,
				1B60C6332884D0DE00FDDF1E /* Top TrainerUITests */,
			);
		};
/* End PBXProject section */

/* Begin PBXResourcesBuildPhase section */
		1B60C6182884D0DB00FDDF1E /* Resources */ = {
			isa = PBXResourcesBuildPhase;
			buildActionMask = 2147483647;
			files = (
				1B60C6252884D0DD00FDDF1E /* Preview Assets.xcassets in Resources */,
				1B60C6222884D0DD00FDDF1E /* Assets.xcassets in Resources */,
			);
			runOnlyForDeploymentPostprocessing = 0;
		};
		1B60C6282884D0DE00FDDF1E /* Resources */ = {
			isa = PBXResourcesBuildPhase;
			buildActionMask = 2147483647;
			files = (
			);
			runOnlyForDeploymentPostprocessing = 0;
		};
		1B60C6322884D0DE00FDDF1E /* Resources */ = {
			isa = PBXResourcesBuildPhase;
			buildActionMask = 2147483647;
			files = (
			);
			runOnlyForDeploymentPostprocessing = 0;
		};
/* End PBXResourcesBuildPhase section */

/* Begin PBXSourcesBuildPhase section */
		1B60C6162884D0DB00FDDF1E /* Sources */ = {
			isa = PBXSourcesBuildPhase;
			buildActionMask = 2147483647;
			files = (
				1B60C6572884EF1500FDDF1E /* OnboardingB.swift in Sources */,
				1B60C6202884D0DC00FDDF1E /* ContentView.swift in Sources */,
				1B60C61E2884D0DC00FDDF1E /* Top_TrainerApp.swift in Sources */,
				1B9F5D9B289038B200BA88B7 /* GoalPickerView.swift in Sources */,
				1B9F5D95288F9FEB00BA88B7 /* AgePickerView.swift in Sources */,
				1B64A8072894C39A00A8638D /* InterestPickerView.swift in Sources */,
				1B60C6622886510300FDDF1E /* LoginView.swift in Sources */,
				1B9F5D97288FA53800BA88B7 /* HeightPickerView.swift in Sources */,
				1BCAA3662890E9C80051C64E /* NamePickerView.swift in Sources */,
				1B60C6552884E69900FDDF1E /* OnboardingA.swift in Sources */,
				1B60C665288651B400FDDF1E /* ButtonCapsule.swift in Sources */,
				1B9F5D91288F4B7900BA88B7 /* GenderSelectionView.swift in Sources */,
				1B60C64D2884D8BA00FDDF1E /* Gradients.swift in Sources */,
				1B56391C2899F1B60027DDA4 /* CardAnimations.swift in Sources */,
				1B9F5D8F288F1B4E00BA88B7 /* CreateInitialProfileView.swift in Sources */,
				1B64A8032892CB5900A8638D /* ImagePicker.swift in Sources */,
				1BCAA3682890EB9B0051C64E /* AvatarPickerView.swift in Sources */,
				1B7215FB289D6DD900F62653 /* FitnessLevelPickerView.swift in Sources */,
				1B9F5D99288FA61700BA88B7 /* WeightPickerView.swift in Sources */,
				1B9F5D93288F882A00BA88B7 /* GenderCardView.swift in Sources */,
				1B64A8092894C9F900A8638D /* Interest.swift in Sources */,
				1BCA339B288CD64E00F54A07 /* CapsuleTextFieldModifier.swift in Sources */,
				1BB55DAB288D954B00FD4F2E /* ForgotPasswordView.swift in Sources */,
				1B60C65F28864E7A00FDDF1E /* OnboardingView.swift in Sources */,
				1B60C6502884DA9200FDDF1E /* constants.swift in Sources */,
				1BCA339F288D012400F54A07 /* PlaceholderModifier.swift in Sources */,
				1B60C65D2884F41400FDDF1E /* GetStartedOnboarding.swift in Sources */,
			);
			runOnlyForDeploymentPostprocessing = 0;
		};
		1B60C6262884D0DE00FDDF1E /* Sources */ = {
			isa = PBXSourcesBuildPhase;
			buildActionMask = 2147483647;
			files = (
				1B60C62F2884D0DE00FDDF1E /* Top_TrainerTests.swift in Sources */,
			);
			runOnlyForDeploymentPostprocessing = 0;
		};
		1B60C6302884D0DE00FDDF1E /* Sources */ = {
			isa = PBXSourcesBuildPhase;
			buildActionMask = 2147483647;
			files = (
				1B60C63B2884D0DE00FDDF1E /* Top_TrainerUITestsLaunchTests.swift in Sources */,
				1B60C6392884D0DE00FDDF1E /* Top_TrainerUITests.swift in Sources */,
			);
			runOnlyForDeploymentPostprocessing = 0;
		};
/* End PBXSourcesBuildPhase section */

/* Begin PBXTargetDependency section */
		1B60C62C2884D0DE00FDDF1E /* PBXTargetDependency */ = {
			isa = PBXTargetDependency;
			target = 1B60C6192884D0DB00FDDF1E /* Top Trainer */;
			targetProxy = 1B60C62B2884D0DE00FDDF1E /* PBXContainerItemProxy */;
		};
		1B60C6362884D0DE00FDDF1E /* PBXTargetDependency */ = {
			isa = PBXTargetDependency;
			target = 1B60C6192884D0DB00FDDF1E /* Top Trainer */;
			targetProxy = 1B60C6352884D0DE00FDDF1E /* PBXContainerItemProxy */;
		};
/* End PBXTargetDependency section */

/* Begin XCBuildConfiguration section */
		1B60C63C2884D0DE00FDDF1E /* Debug */ = {
			isa = XCBuildConfiguration;
			buildSettings = {
				ALWAYS_SEARCH_USER_PATHS = NO;
				CLANG_ANALYZER_NONNULL = YES;
				CLANG_ANALYZER_NUMBER_OBJECT_CONVERSION = YES_AGGRESSIVE;
				CLANG_CXX_LANGUAGE_STANDARD = "gnu++17";
				CLANG_ENABLE_MODULES = YES;
				CLANG_ENABLE_OBJC_ARC = YES;
				CLANG_ENABLE_OBJC_WEAK = YES;
				CLANG_WARN_BLOCK_CAPTURE_AUTORELEASING = YES;
				CLANG_WARN_BOOL_CONVERSION = YES;
				CLANG_WARN_COMMA = YES;
				CLANG_WARN_CONSTANT_CONVERSION = YES;
				CLANG_WARN_DEPRECATED_OBJC_IMPLEMENTATIONS = YES;
				CLANG_WARN_DIRECT_OBJC_ISA_USAGE = YES_ERROR;
				CLANG_WARN_DOCUMENTATION_COMMENTS = YES;
				CLANG_WARN_EMPTY_BODY = YES;
				CLANG_WARN_ENUM_CONVERSION = YES;
				CLANG_WARN_INFINITE_RECURSION = YES;
				CLANG_WARN_INT_CONVERSION = YES;
				CLANG_WARN_NON_LITERAL_NULL_CONVERSION = YES;
				CLANG_WARN_OBJC_IMPLICIT_RETAIN_SELF = YES;
				CLANG_WARN_OBJC_LITERAL_CONVERSION = YES;
				CLANG_WARN_OBJC_ROOT_CLASS = YES_ERROR;
				CLANG_WARN_QUOTED_INCLUDE_IN_FRAMEWORK_HEADER = YES;
				CLANG_WARN_RANGE_LOOP_ANALYSIS = YES;
				CLANG_WARN_STRICT_PROTOTYPES = YES;
				CLANG_WARN_SUSPICIOUS_MOVE = YES;
				CLANG_WARN_UNGUARDED_AVAILABILITY = YES_AGGRESSIVE;
				CLANG_WARN_UNREACHABLE_CODE = YES;
				CLANG_WARN__DUPLICATE_METHOD_MATCH = YES;
				COPY_PHASE_STRIP = NO;
				DEBUG_INFORMATION_FORMAT = dwarf;
				ENABLE_STRICT_OBJC_MSGSEND = YES;
				ENABLE_TESTABILITY = YES;
				GCC_C_LANGUAGE_STANDARD = gnu11;
				GCC_DYNAMIC_NO_PIC = NO;
				GCC_NO_COMMON_BLOCKS = YES;
				GCC_OPTIMIZATION_LEVEL = 0;
				GCC_PREPROCESSOR_DEFINITIONS = (
					"DEBUG=1",
					"$(inherited)",
				);
				GCC_WARN_64_TO_32_BIT_CONVERSION = YES;
				GCC_WARN_ABOUT_RETURN_TYPE = YES_ERROR;
				GCC_WARN_UNDECLARED_SELECTOR = YES;
				GCC_WARN_UNINITIALIZED_AUTOS = YES_AGGRESSIVE;
				GCC_WARN_UNUSED_FUNCTION = YES;
				GCC_WARN_UNUSED_VARIABLE = YES;
				IPHONEOS_DEPLOYMENT_TARGET = 16.0;
				MTL_ENABLE_DEBUG_INFO = INCLUDE_SOURCE;
				MTL_FAST_MATH = YES;
				ONLY_ACTIVE_ARCH = YES;
				SDKROOT = iphoneos;
				SWIFT_ACTIVE_COMPILATION_CONDITIONS = DEBUG;
				SWIFT_OPTIMIZATION_LEVEL = "-Onone";
			};
			name = Debug;
		};
		1B60C63D2884D0DE00FDDF1E /* Release */ = {
			isa = XCBuildConfiguration;
			buildSettings = {
				ALWAYS_SEARCH_USER_PATHS = NO;
				CLANG_ANALYZER_NONNULL = YES;
				CLANG_ANALYZER_NUMBER_OBJECT_CONVERSION = YES_AGGRESSIVE;
				CLANG_CXX_LANGUAGE_STANDARD = "gnu++17";
				CLANG_ENABLE_MODULES = YES;
				CLANG_ENABLE_OBJC_ARC = YES;
				CLANG_ENABLE_OBJC_WEAK = YES;
				CLANG_WARN_BLOCK_CAPTURE_AUTORELEASING = YES;
				CLANG_WARN_BOOL_CONVERSION = YES;
				CLANG_WARN_COMMA = YES;
				CLANG_WARN_CONSTANT_CONVERSION = YES;
				CLANG_WARN_DEPRECATED_OBJC_IMPLEMENTATIONS = YES;
				CLANG_WARN_DIRECT_OBJC_ISA_USAGE = YES_ERROR;
				CLANG_WARN_DOCUMENTATION_COMMENTS = YES;
				CLANG_WARN_EMPTY_BODY = YES;
				CLANG_WARN_ENUM_CONVERSION = YES;
				CLANG_WARN_INFINITE_RECURSION = YES;
				CLANG_WARN_INT_CONVERSION = YES;
				CLANG_WARN_NON_LITERAL_NULL_CONVERSION = YES;
				CLANG_WARN_OBJC_IMPLICIT_RETAIN_SELF = YES;
				CLANG_WARN_OBJC_LITERAL_CONVERSION = YES;
				CLANG_WARN_OBJC_ROOT_CLASS = YES_ERROR;
				CLANG_WARN_QUOTED_INCLUDE_IN_FRAMEWORK_HEADER = YES;
				CLANG_WARN_RANGE_LOOP_ANALYSIS = YES;
				CLANG_WARN_STRICT_PROTOTYPES = YES;
				CLANG_WARN_SUSPICIOUS_MOVE = YES;
				CLANG_WARN_UNGUARDED_AVAILABILITY = YES_AGGRESSIVE;
				CLANG_WARN_UNREACHABLE_CODE = YES;
				CLANG_WARN__DUPLICATE_METHOD_MATCH = YES;
				COPY_PHASE_STRIP = NO;
				DEBUG_INFORMATION_FORMAT = "dwarf-with-dsym";
				ENABLE_NS_ASSERTIONS = NO;
				ENABLE_STRICT_OBJC_MSGSEND = YES;
				GCC_C_LANGUAGE_STANDARD = gnu11;
				GCC_NO_COMMON_BLOCKS = YES;
				GCC_WARN_64_TO_32_BIT_CONVERSION = YES;
				GCC_WARN_ABOUT_RETURN_TYPE = YES_ERROR;
				GCC_WARN_UNDECLARED_SELECTOR = YES;
				GCC_WARN_UNINITIALIZED_AUTOS = YES_AGGRESSIVE;
				GCC_WARN_UNUSED_FUNCTION = YES;
				GCC_WARN_UNUSED_VARIABLE = YES;
				IPHONEOS_DEPLOYMENT_TARGET = 16.0;
				MTL_ENABLE_DEBUG_INFO = NO;
				MTL_FAST_MATH = YES;
				SDKROOT = iphoneos;
				SWIFT_COMPILATION_MODE = wholemodule;
				SWIFT_OPTIMIZATION_LEVEL = "-O";
				VALIDATE_PRODUCT = YES;
			};
			name = Release;
		};
		1B60C63F2884D0DE00FDDF1E /* Debug */ = {
			isa = XCBuildConfiguration;
			buildSettings = {
				ASSETCATALOG_COMPILER_APPICON_NAME = AppIcon;
				ASSETCATALOG_COMPILER_GLOBAL_ACCENT_COLOR_NAME = AccentColor;
				CODE_SIGN_STYLE = Automatic;
				CURRENT_PROJECT_VERSION = 1;
				DEVELOPMENT_ASSET_PATHS = "\"Top Trainer/Preview Content\"";
				DEVELOPMENT_TEAM = 6JUYUQGJ4X;
				ENABLE_PREVIEWS = YES;
				GENERATE_INFOPLIST_FILE = YES;
				INFOPLIST_KEY_NSCameraUsageDescription = "We require access to your camera to take pictures";
				INFOPLIST_KEY_UIApplicationSceneManifest_Generation = YES;
				INFOPLIST_KEY_UIApplicationSupportsIndirectInputEvents = YES;
				INFOPLIST_KEY_UILaunchScreen_Generation = YES;
				INFOPLIST_KEY_UISupportedInterfaceOrientations_iPad = "UIInterfaceOrientationPortrait UIInterfaceOrientationPortraitUpsideDown UIInterfaceOrientationLandscapeLeft UIInterfaceOrientationLandscapeRight";
				INFOPLIST_KEY_UISupportedInterfaceOrientations_iPhone = "UIInterfaceOrientationPortrait UIInterfaceOrientationLandscapeLeft UIInterfaceOrientationLandscapeRight";
				IPHONEOS_DEPLOYMENT_TARGET = 16.0;
				LD_RUNPATH_SEARCH_PATHS = (
					"$(inherited)",
					"@executable_path/Frameworks",
				);
				MARKETING_VERSION = 1.0;
				PRODUCT_BUNDLE_IDENTIFIER = "com.toptrainerfitness.Top-Trainer";
				PRODUCT_NAME = "$(TARGET_NAME)";
				SWIFT_EMIT_LOC_STRINGS = YES;
				SWIFT_VERSION = 5.0;
				TARGETED_DEVICE_FAMILY = "1,2";
			};
			name = Debug;
		};
		1B60C6402884D0DE00FDDF1E /* Release */ = {
			isa = XCBuildConfiguration;
			buildSettings = {
				ASSETCATALOG_COMPILER_APPICON_NAME = AppIcon;
				ASSETCATALOG_COMPILER_GLOBAL_ACCENT_COLOR_NAME = AccentColor;
				CODE_SIGN_STYLE = Automatic;
				CURRENT_PROJECT_VERSION = 1;
				DEVELOPMENT_ASSET_PATHS = "\"Top Trainer/Preview Content\"";
				DEVELOPMENT_TEAM = 6JUYUQGJ4X;
				ENABLE_PREVIEWS = YES;
				GENERATE_INFOPLIST_FILE = YES;
				INFOPLIST_KEY_NSCameraUsageDescription = "We require access to your camera to take pictures";
				INFOPLIST_KEY_UIApplicationSceneManifest_Generation = YES;
				INFOPLIST_KEY_UIApplicationSupportsIndirectInputEvents = YES;
				INFOPLIST_KEY_UILaunchScreen_Generation = YES;
				INFOPLIST_KEY_UISupportedInterfaceOrientations_iPad = "UIInterfaceOrientationPortrait UIInterfaceOrientationPortraitUpsideDown UIInterfaceOrientationLandscapeLeft UIInterfaceOrientationLandscapeRight";
				INFOPLIST_KEY_UISupportedInterfaceOrientations_iPhone = "UIInterfaceOrientationPortrait UIInterfaceOrientationLandscapeLeft UIInterfaceOrientationLandscapeRight";
				IPHONEOS_DEPLOYMENT_TARGET = 16.0;
				LD_RUNPATH_SEARCH_PATHS = (
					"$(inherited)",
					"@executable_path/Frameworks",
				);
				MARKETING_VERSION = 1.0;
				PRODUCT_BUNDLE_IDENTIFIER = "com.toptrainerfitness.Top-Trainer";
				PRODUCT_NAME = "$(TARGET_NAME)";
				SWIFT_EMIT_LOC_STRINGS = YES;
				SWIFT_VERSION = 5.0;
				TARGETED_DEVICE_FAMILY = "1,2";
			};
			name = Release;
		};
		1B60C6422884D0DE00FDDF1E /* Debug */ = {
			isa = XCBuildConfiguration;
			buildSettings = {
				ALWAYS_EMBED_SWIFT_STANDARD_LIBRARIES = YES;
				BUNDLE_LOADER = "$(TEST_HOST)";
				CODE_SIGN_STYLE = Automatic;
				CURRENT_PROJECT_VERSION = 1;
				DEVELOPMENT_TEAM = 6JUYUQGJ4X;
				GENERATE_INFOPLIST_FILE = YES;
				IPHONEOS_DEPLOYMENT_TARGET = 16.0;
				MARKETING_VERSION = 1.0;
				PRODUCT_BUNDLE_IDENTIFIER = "com.toptrainerfitness.Top-TrainerTests";
				PRODUCT_NAME = "$(TARGET_NAME)";
				SWIFT_EMIT_LOC_STRINGS = NO;
				SWIFT_VERSION = 5.0;
				TARGETED_DEVICE_FAMILY = "1,2";
				TEST_HOST = "$(BUILT_PRODUCTS_DIR)/Top Trainer.app/$(BUNDLE_EXECUTABLE_FOLDER_PATH)/Top Trainer";
			};
			name = Debug;
		};
		1B60C6432884D0DE00FDDF1E /* Release */ = {
			isa = XCBuildConfiguration;
			buildSettings = {
				ALWAYS_EMBED_SWIFT_STANDARD_LIBRARIES = YES;
				BUNDLE_LOADER = "$(TEST_HOST)";
				CODE_SIGN_STYLE = Automatic;
				CURRENT_PROJECT_VERSION = 1;
				DEVELOPMENT_TEAM = 6JUYUQGJ4X;
				GENERATE_INFOPLIST_FILE = YES;
				IPHONEOS_DEPLOYMENT_TARGET = 16.0;
				MARKETING_VERSION = 1.0;
				PRODUCT_BUNDLE_IDENTIFIER = "com.toptrainerfitness.Top-TrainerTests";
				PRODUCT_NAME = "$(TARGET_NAME)";
				SWIFT_EMIT_LOC_STRINGS = NO;
				SWIFT_VERSION = 5.0;
				TARGETED_DEVICE_FAMILY = "1,2";
				TEST_HOST = "$(BUILT_PRODUCTS_DIR)/Top Trainer.app/$(BUNDLE_EXECUTABLE_FOLDER_PATH)/Top Trainer";
			};
			name = Release;
		};
		1B60C6452884D0DE00FDDF1E /* Debug */ = {
			isa = XCBuildConfiguration;
			buildSettings = {
				ALWAYS_EMBED_SWIFT_STANDARD_LIBRARIES = YES;
				CODE_SIGN_STYLE = Automatic;
				CURRENT_PROJECT_VERSION = 1;
				DEVELOPMENT_TEAM = 6JUYUQGJ4X;
				GENERATE_INFOPLIST_FILE = YES;
				MARKETING_VERSION = 1.0;
				PRODUCT_BUNDLE_IDENTIFIER = "com.toptrainerfitness.Top-TrainerUITests";
				PRODUCT_NAME = "$(TARGET_NAME)";
				SWIFT_EMIT_LOC_STRINGS = NO;
				SWIFT_VERSION = 5.0;
				TARGETED_DEVICE_FAMILY = "1,2";
				TEST_TARGET_NAME = "Top Trainer";
			};
			name = Debug;
		};
		1B60C6462884D0DE00FDDF1E /* Release */ = {
			isa = XCBuildConfiguration;
			buildSettings = {
				ALWAYS_EMBED_SWIFT_STANDARD_LIBRARIES = YES;
				CODE_SIGN_STYLE = Automatic;
				CURRENT_PROJECT_VERSION = 1;
				DEVELOPMENT_TEAM = 6JUYUQGJ4X;
				GENERATE_INFOPLIST_FILE = YES;
				MARKETING_VERSION = 1.0;
				PRODUCT_BUNDLE_IDENTIFIER = "com.toptrainerfitness.Top-TrainerUITests";
				PRODUCT_NAME = "$(TARGET_NAME)";
				SWIFT_EMIT_LOC_STRINGS = NO;
				SWIFT_VERSION = 5.0;
				TARGETED_DEVICE_FAMILY = "1,2";
				TEST_TARGET_NAME = "Top Trainer";
			};
			name = Release;
		};
/* End XCBuildConfiguration section */

/* Begin XCConfigurationList section */
		1B60C6152884D0DB00FDDF1E /* Build configuration list for PBXProject "Top Trainer" */ = {
			isa = XCConfigurationList;
			buildConfigurations = (
				1B60C63C2884D0DE00FDDF1E /* Debug */,
				1B60C63D2884D0DE00FDDF1E /* Release */,
			);
			defaultConfigurationIsVisible = 0;
			defaultConfigurationName = Release;
		};
		1B60C63E2884D0DE00FDDF1E /* Build configuration list for PBXNativeTarget "Top Trainer" */ = {
			isa = XCConfigurationList;
			buildConfigurations = (
				1B60C63F2884D0DE00FDDF1E /* Debug */,
				1B60C6402884D0DE00FDDF1E /* Release */,
			);
			defaultConfigurationIsVisible = 0;
			defaultConfigurationName = Release;
		};
		1B60C6412884D0DE00FDDF1E /* Build configuration list for PBXNativeTarget "Top TrainerTests" */ = {
			isa = XCConfigurationList;
			buildConfigurations = (
				1B60C6422884D0DE00FDDF1E /* Debug */,
				1B60C6432884D0DE00FDDF1E /* Release */,
			);
			defaultConfigurationIsVisible = 0;
			defaultConfigurationName = Release;
		};
		1B60C6442884D0DE00FDDF1E /* Build configuration list for PBXNativeTarget "Top TrainerUITests" */ = {
			isa = XCConfigurationList;
			buildConfigurations = (
				1B60C6452884D0DE00FDDF1E /* Debug */,
				1B60C6462884D0DE00FDDF1E /* Release */,
			);
			defaultConfigurationIsVisible = 0;
			defaultConfigurationName = Release;
		};
/* End XCConfigurationList section */
	};
	rootObject = 1B60C6122884D0DB00FDDF1E /* Project object */;
}
